
Microsoft Visual Studio Solution File, Format Version 12.00
# Visual Studio Version 16
VisualStudioVersion = 16.0.31229.75
MinimumVisualStudioVersion = 10.0.40219.1
Project("{9A19103F-16F7-4668-BE54-9A1E7A4F7556}") = "WellsFargo.Homework.Web", "WellsFargo.Homework.Web\WellsFargo.Homework.Web.csproj", "{FE2AB78F-AC1C-4BC1-AC04-2D0813438F11}"
EndProject
Project("{9A19103F-16F7-4668-BE54-9A1E7A4F7556}") = "WellsFargo.Homework.Services", "WellsFargo.Homework.Services\WellsFargo.Homework.Services.csproj", "{874D53DD-577D-497B-B373-2D7BF354472F}"
EndProject
Project("{FAE04EC0-301F-11D3-BF4B-00C04F79EFBC}") = "WellsFargo.Homework.Services.Tests", "WellsFargo.Homework.Services.Tests\WellsFargo.Homework.Services.Tests.csproj", "{1476E5D9-CD6E-4CCC-86EF-15261F7AC704}"
EndProject
Global
	GlobalSection(SolutionConfigurationPlatforms) = preSolution
		Debug|Any CPU = Debug|Any CPU
		Release|Any CPU = Release|Any CPU
	EndGlobalSection
	GlobalSection(ProjectConfigurationPlatforms) = postSolution
		{FE2AB78F-AC1C-4BC1-AC04-2D0813438F11}.Debug|Any CPU.ActiveCfg = Debug|Any CPU
		{FE2AB78F-AC1C-4BC1-AC04-2D0813438F11}.Debug|Any CPU.Build.0 = Debug|Any CPU
		{FE2AB78F-AC1C-4BC1-AC04-2D0813438F11}.Release|Any CPU.ActiveCfg = Release|Any CPU
		{FE2AB78F-AC1C-4BC1-AC04-2D0813438F11}.Release|Any CPU.Build.0 = Release|Any CPU
		{874D53DD-577D-497B-B373-2D7BF354472F}.Debug|Any CPU.ActiveCfg = Debug|Any CPU
		{874D53DD-577D-497B-B373-2D7BF354472F}.Debug|Any CPU.Build.0 = Debug|Any CPU
		{874D53DD-577D-497B-B373-2D7BF354472F}.Release|Any CPU.ActiveCfg = Release|Any CPU
		{874D53DD-577D-497B-B373-2D7BF354472F}.Release|Any CPU.Build.0 = Release|Any CPU
		{1476E5D9-CD6E-4CCC-86EF-15261F7AC704}.Debug|Any CPU.ActiveCfg = Debug|Any CPU
		{1476E5D9-CD6E-4CCC-86EF-15261F7AC704}.Debug|Any CPU.Build.0 = Debug|Any CPU
		{1476E5D9-CD6E-4CCC-86EF-15261F7AC704}.Release|Any CPU.ActiveCfg = Release|Any CPU
		{1476E5D9-CD6E-4CCC-86EF-15261F7AC704}.Release|Any CPU.Build.0 = Release|Any CPU
	EndGlobalSection
	GlobalSection(SolutionProperties) = preSolution
		HideSolutionNode = FALSE
	EndGlobalSection
	GlobalSection(ExtensibilityGlobals) = postSolution
		SolutionGuid = {C36F0150-3882-4E1C-B9F7-A64BC6885099}
	EndGlobalSection
EndGlobal
